
Microsoft Visual Studio Solution File, Format Version 12.00
# Visual Studio Version 17
VisualStudioVersion = 17.7.34024.191
MinimumVisualStudioVersion = 10.0.40219.1
Project("{8BC9CEB8-8B4A-11D0-8D11-00A0C91BC942}") = "LAB6.1P", "LAB6.1P\LAB6.1P.vcxproj", "{23AFBDB1-466D-41AB-B7DF-A3F11EFFAE19}"
EndProject
Project("{8BC9CEB8-8B4A-11D0-8D11-00A0C91BC942}") = "UnitTest6.1P", "UnitTest6.1P\UnitTest6.1P.vcxproj", "{0645E7FA-332F-408D-966B-44AEF222F4C3}"
EndProject
Global
	GlobalSection(SolutionConfigurationPlatforms) = preSolution
		Debug|x64 = Debug|x64
		Debug|x86 = Debug|x86
		Release|x64 = Release|x64
		Release|x86 = Release|x86
	EndGlobalSection
	GlobalSection(ProjectConfigurationPlatforms) = postSolution
		{23AFBDB1-466D-41AB-B7DF-A3F11EFFAE19}.Debug|x64.ActiveCfg = Debug|x64
		{23AFBDB1-466D-41AB-B7DF-A3F11EFFAE19}.Debug|x64.Build.0 = Debug|x64
		{23AFBDB1-466D-41AB-B7DF-A3F11EFFAE19}.Debug|x86.ActiveCfg = Debug|Win32
		{23AFBDB1-466D-41AB-B7DF-A3F11EFFAE19}.Debug|x86.Build.0 = Debug|Win32
		{23AFBDB1-466D-41AB-B7DF-A3F11EFFAE19}.Release|x64.ActiveCfg = Release|x64
		{23AFBDB1-466D-41AB-B7DF-A3F11EFFAE19}.Release|x64.Build.0 = Release|x64
		{23AFBDB1-466D-41AB-B7DF-A3F11EFFAE19}.Release|x86.ActiveCfg = Release|Win32
		{23AFBDB1-466D-41AB-B7DF-A3F11EFFAE19}.Release|x86.Build.0 = Release|Win32
		{0645E7FA-332F-408D-966B-44AEF222F4C3}.Debug|x64.ActiveCfg = Debug|x64
		{0645E7FA-332F-408D-966B-44AEF222F4C3}.Debug|x64.Build.0 = Debug|x64
		{0645E7FA-332F-408D-966B-44AEF222F4C3}.Debug|x86.ActiveCfg = Debug|Win32
		{0645E7FA-332F-408D-966B-44AEF222F4C3}.Debug|x86.Build.0 = Debug|Win32
		{0645E7FA-332F-408D-966B-44AEF222F4C3}.Release|x64.ActiveCfg = Release|x64
		{0645E7FA-332F-408D-966B-44AEF222F4C3}.Release|x64.Build.0 = Release|x64
		{0645E7FA-332F-408D-966B-44AEF222F4C3}.Release|x86.ActiveCfg = Release|Win32
		{0645E7FA-332F-408D-966B-44AEF222F4C3}.Release|x86.Build.0 = Release|Win32
	EndGlobalSection
	GlobalSection(SolutionProperties) = preSolution
		HideSolutionNode = FALSE
	EndGlobalSection
	GlobalSection(ExtensibilityGlobals) = postSolution
		SolutionGuid = {3AA47DCF-52C5-4704-B55C-7F7421C2DC54}
	EndGlobalSection
EndGlobal
